
Microsoft Visual Studio Solution File, Format Version 12.00
# Visual Studio Version 16
VisualStudioVersion = 16.0.32228.343
MinimumVisualStudioVersion = 10.0.40219.1
Project("{FAE04EC0-301F-11D3-BF4B-00C04F79EFBC}") = "screenshoter", "screenshoter\screenshoter.csproj", "{73DFA565-46EA-416D-885A-9F8E490A8D85}"
EndProject
Global
	GlobalSection(SolutionConfigurationPlatforms) = preSolution
		Debug|Any CPU = Debug|Any CPU
		Release|Any CPU = Release|Any CPU
	EndGlobalSection
	GlobalSection(ProjectConfigurationPlatforms) = postSolution
		{73DFA565-46EA-416D-885A-9F8E490A8D85}.Debug|Any CPU.ActiveCfg = Debug|Any CPU
		{73DFA565-46EA-416D-885A-9F8E490A8D85}.Debug|Any CPU.Build.0 = Debug|Any CPU
		{73DFA565-46EA-416D-885A-9F8E490A8D85}.Release|Any CPU.ActiveCfg = Release|Any CPU
		{73DFA565-46EA-416D-885A-9F8E490A8D85}.Release|Any CPU.Build.0 = Release|Any CPU
	EndGlobalSection
	GlobalSection(SolutionProperties) = preSolution
		HideSolutionNode = FALSE
	EndGlobalSection
	GlobalSection(ExtensibilityGlobals) = postSolution
		SolutionGuid = {1124ED83-A66F-4F4D-A636-9118CAB68B9F}
	EndGlobalSection
EndGlobal
